
Microsoft Visual Studio Solution File, Format Version 12.00
# Visual Studio Version 17
VisualStudioVersion = 17.11.35222.181
MinimumVisualStudioVersion = 10.0.40219.1
Project("{FAE04EC0-301F-11D3-BF4B-00C04F79EFBC}") = "AgendamentoConsultasMedicas", "AgendamentoConsultasMedicas\AgendamentoConsultasMedicas.csproj", "{10F724DD-8A9E-4B6A-889B-A898B37E3B56}"
EndProject
Project("{2150E333-8FDC-42A3-9474-1A3956D46DE8}") = "1 - Application", "1 - Application", "{811AFC6F-072A-4A3E-904F-E7ABB4220424}"
EndProject
Project("{2150E333-8FDC-42A3-9474-1A3956D46DE8}") = "2 - Domain", "2 - Domain", "{B1294E26-5DBB-421D-9966-D208245AC72C}"
EndProject
Project("{2150E333-8FDC-42A3-9474-1A3956D46DE8}") = "3 - Service", "3 - Service", "{205B84B2-3CB7-44B0-A056-C8A474BE6427}"
EndProject
Project("{2150E333-8FDC-42A3-9474-1A3956D46DE8}") = "4 - Infra", "4 - Infra", "{604AA1DC-691C-4243-AAE8-D402300B791D}"
EndProject
Project("{2150E333-8FDC-42A3-9474-1A3956D46DE8}") = "5  - Tests", "5  - Tests", "{EAF9DC91-EE3C-49F5-A29E-B855F9F3E4EA}"
EndProject
Project("{FAE04EC0-301F-11D3-BF4B-00C04F79EFBC}") = "Medico.Domain", "Medicos.Domain\Medico.Domain.csproj", "{E2932364-D3DB-4AD5-B2E3-59FA64DCB1ED}"
EndProject
Project("{FAE04EC0-301F-11D3-BF4B-00C04F79EFBC}") = "Paciente.Domain", "Pacientes.Domain\Paciente.Domain.csproj", "{E1CB7749-8AC8-454A-AFF8-3F7BFFDEEB95}"
EndProject
Project("{FAE04EC0-301F-11D3-BF4B-00C04F79EFBC}") = "Consulta.Domain", "Consultas.Domain\Consulta.Domain.csproj", "{1A68B123-85DD-48F0-825B-C930843FC032}"
EndProject
Project("{FAE04EC0-301F-11D3-BF4B-00C04F79EFBC}") = "Medico.Service", "Medico.Service\Medico.Service.csproj", "{409A57BE-53F8-47A0-B1D3-49FC41032062}"
EndProject
Project("{FAE04EC0-301F-11D3-BF4B-00C04F79EFBC}") = "Paciente.Service", "Paciente.Service\Paciente.Service.csproj", "{7BD026BC-A2E3-45F0-949C-8FC604A70328}"
EndProject
Project("{FAE04EC0-301F-11D3-BF4B-00C04F79EFBC}") = "Consulta.Service", "Consulta.Service\Consulta.Service.csproj", "{C2D0AEF9-78A8-4FB4-8246-E0BF19DDB601}"
EndProject
Project("{FAE04EC0-301F-11D3-BF4B-00C04F79EFBC}") = "Infrastructure.Infra", "Infrastructure.Infra\Infrastructure.Infra.csproj", "{BACEDCA8-5EE6-437A-AB72-51DA10AC4FF0}"
EndProject
Project("{FAE04EC0-301F-11D3-BF4B-00C04F79EFBC}") = "Paciente.Test", "Paciente.Test\Paciente.Test.csproj", "{B152CFBB-6550-456B-B284-EDA4F148686E}"
EndProject
Project("{FAE04EC0-301F-11D3-BF4B-00C04F79EFBC}") = "Medico.Test", "Medico.Test\Medico.Test.csproj", "{0BF5DDEB-2B13-45E1-8F73-6A4205EC459C}"
EndProject
Project("{FAE04EC0-301F-11D3-BF4B-00C04F79EFBC}") = "Consulta.Test", "Consulta.Test\Consulta.Test.csproj", "{3783861A-525E-47A6-9C03-30C1D2E648D6}"
EndProject
Global
	GlobalSection(SolutionConfigurationPlatforms) = preSolution
		Debug|Any CPU = Debug|Any CPU
		Release|Any CPU = Release|Any CPU
	EndGlobalSection
	GlobalSection(ProjectConfigurationPlatforms) = postSolution
		{10F724DD-8A9E-4B6A-889B-A898B37E3B56}.Debug|Any CPU.ActiveCfg = Debug|Any CPU
		{10F724DD-8A9E-4B6A-889B-A898B37E3B56}.Debug|Any CPU.Build.0 = Debug|Any CPU
		{10F724DD-8A9E-4B6A-889B-A898B37E3B56}.Release|Any CPU.ActiveCfg = Release|Any CPU
		{10F724DD-8A9E-4B6A-889B-A898B37E3B56}.Release|Any CPU.Build.0 = Release|Any CPU
		{E2932364-D3DB-4AD5-B2E3-59FA64DCB1ED}.Debug|Any CPU.ActiveCfg = Debug|Any CPU
		{E2932364-D3DB-4AD5-B2E3-59FA64DCB1ED}.Debug|Any CPU.Build.0 = Debug|Any CPU
		{E2932364-D3DB-4AD5-B2E3-59FA64DCB1ED}.Release|Any CPU.ActiveCfg = Release|Any CPU
		{E2932364-D3DB-4AD5-B2E3-59FA64DCB1ED}.Release|Any CPU.Build.0 = Release|Any CPU
		{E1CB7749-8AC8-454A-AFF8-3F7BFFDEEB95}.Debug|Any CPU.ActiveCfg = Debug|Any CPU
		{E1CB7749-8AC8-454A-AFF8-3F7BFFDEEB95}.Debug|Any CPU.Build.0 = Debug|Any CPU
		{E1CB7749-8AC8-454A-AFF8-3F7BFFDEEB95}.Release|Any CPU.ActiveCfg = Release|Any CPU
		{E1CB7749-8AC8-454A-AFF8-3F7BFFDEEB95}.Release|Any CPU.Build.0 = Release|Any CPU
		{1A68B123-85DD-48F0-825B-C930843FC032}.Debug|Any CPU.ActiveCfg = Debug|Any CPU
		{1A68B123-85DD-48F0-825B-C930843FC032}.Debug|Any CPU.Build.0 = Debug|Any CPU
		{1A68B123-85DD-48F0-825B-C930843FC032}.Release|Any CPU.ActiveCfg = Release|Any CPU
		{1A68B123-85DD-48F0-825B-C930843FC032}.Release|Any CPU.Build.0 = Release|Any CPU
		{409A57BE-53F8-47A0-B1D3-49FC41032062}.Debug|Any CPU.ActiveCfg = Debug|Any CPU
		{409A57BE-53F8-47A0-B1D3-49FC41032062}.Debug|Any CPU.Build.0 = Debug|Any CPU
		{409A57BE-53F8-47A0-B1D3-49FC41032062}.Release|Any CPU.ActiveCfg = Release|Any CPU
		{409A57BE-53F8-47A0-B1D3-49FC41032062}.Release|Any CPU.Build.0 = Release|Any CPU
		{7BD026BC-A2E3-45F0-949C-8FC604A70328}.Debug|Any CPU.ActiveCfg = Debug|Any CPU
		{7BD026BC-A2E3-45F0-949C-8FC604A70328}.Debug|Any CPU.Build.0 = Debug|Any CPU
		{7BD026BC-A2E3-45F0-949C-8FC604A70328}.Release|Any CPU.ActiveCfg = Release|Any CPU
		{7BD026BC-A2E3-45F0-949C-8FC604A70328}.Release|Any CPU.Build.0 = Release|Any CPU
		{C2D0AEF9-78A8-4FB4-8246-E0BF19DDB601}.Debug|Any CPU.ActiveCfg = Debug|Any CPU
		{C2D0AEF9-78A8-4FB4-8246-E0BF19DDB601}.Debug|Any CPU.Build.0 = Debug|Any CPU
		{C2D0AEF9-78A8-4FB4-8246-E0BF19DDB601}.Release|Any CPU.ActiveCfg = Release|Any CPU
		{C2D0AEF9-78A8-4FB4-8246-E0BF19DDB601}.Release|Any CPU.Build.0 = Release|Any CPU
		{BACEDCA8-5EE6-437A-AB72-51DA10AC4FF0}.Debug|Any CPU.ActiveCfg = Debug|Any CPU
		{BACEDCA8-5EE6-437A-AB72-51DA10AC4FF0}.Debug|Any CPU.Build.0 = Debug|Any CPU
		{BACEDCA8-5EE6-437A-AB72-51DA10AC4FF0}.Release|Any CPU.ActiveCfg = Release|Any CPU
		{BACEDCA8-5EE6-437A-AB72-51DA10AC4FF0}.Release|Any CPU.Build.0 = Release|Any CPU
		{B152CFBB-6550-456B-B284-EDA4F148686E}.Debug|Any CPU.ActiveCfg = Debug|Any CPU
		{B152CFBB-6550-456B-B284-EDA4F148686E}.Debug|Any CPU.Build.0 = Debug|Any CPU
		{B152CFBB-6550-456B-B284-EDA4F148686E}.Release|Any CPU.ActiveCfg = Release|Any CPU
		{B152CFBB-6550-456B-B284-EDA4F148686E}.Release|Any CPU.Build.0 = Release|Any CPU
		{0BF5DDEB-2B13-45E1-8F73-6A4205EC459C}.Debug|Any CPU.ActiveCfg = Debug|Any CPU
		{0BF5DDEB-2B13-45E1-8F73-6A4205EC459C}.Debug|Any CPU.Build.0 = Debug|Any CPU
		{0BF5DDEB-2B13-45E1-8F73-6A4205EC459C}.Release|Any CPU.ActiveCfg = Release|Any CPU
		{0BF5DDEB-2B13-45E1-8F73-6A4205EC459C}.Release|Any CPU.Build.0 = Release|Any CPU
		{3783861A-525E-47A6-9C03-30C1D2E648D6}.Debug|Any CPU.ActiveCfg = Debug|Any CPU
		{3783861A-525E-47A6-9C03-30C1D2E648D6}.Debug|Any CPU.Build.0 = Debug|Any CPU
		{3783861A-525E-47A6-9C03-30C1D2E648D6}.Release|Any CPU.ActiveCfg = Release|Any CPU
		{3783861A-525E-47A6-9C03-30C1D2E648D6}.Release|Any CPU.Build.0 = Release|Any CPU
	EndGlobalSection
	GlobalSection(SolutionProperties) = preSolution
		HideSolutionNode = FALSE
	EndGlobalSection
	GlobalSection(NestedProjects) = preSolution
		{10F724DD-8A9E-4B6A-889B-A898B37E3B56} = {811AFC6F-072A-4A3E-904F-E7ABB4220424}
		{E2932364-D3DB-4AD5-B2E3-59FA64DCB1ED} = {B1294E26-5DBB-421D-9966-D208245AC72C}
		{E1CB7749-8AC8-454A-AFF8-3F7BFFDEEB95} = {B1294E26-5DBB-421D-9966-D208245AC72C}
		{1A68B123-85DD-48F0-825B-C930843FC032} = {B1294E26-5DBB-421D-9966-D208245AC72C}
		{409A57BE-53F8-47A0-B1D3-49FC41032062} = {205B84B2-3CB7-44B0-A056-C8A474BE6427}
		{7BD026BC-A2E3-45F0-949C-8FC604A70328} = {205B84B2-3CB7-44B0-A056-C8A474BE6427}
		{C2D0AEF9-78A8-4FB4-8246-E0BF19DDB601} = {205B84B2-3CB7-44B0-A056-C8A474BE6427}
		{BACEDCA8-5EE6-437A-AB72-51DA10AC4FF0} = {604AA1DC-691C-4243-AAE8-D402300B791D}
		{B152CFBB-6550-456B-B284-EDA4F148686E} = {EAF9DC91-EE3C-49F5-A29E-B855F9F3E4EA}
		{0BF5DDEB-2B13-45E1-8F73-6A4205EC459C} = {EAF9DC91-EE3C-49F5-A29E-B855F9F3E4EA}
		{3783861A-525E-47A6-9C03-30C1D2E648D6} = {EAF9DC91-EE3C-49F5-A29E-B855F9F3E4EA}
	EndGlobalSection
	GlobalSection(ExtensibilityGlobals) = postSolution
		SolutionGuid = {BD37C118-FB81-4987-BD7E-FD96207D3DE0}
	EndGlobalSection
EndGlobal
