
Microsoft Visual Studio Solution File, Format Version 12.00
# Visual Studio Version 17
VisualStudioVersion = 17.11.35222.181
MinimumVisualStudioVersion = 10.0.40219.1
Project("{9A19103F-16F7-4668-BE54-9A1E7A4F7556}") = "AgendamentoConsultasMedicas", "AgendamentoConsultasMedicas\AgendamentoConsultasMedicas.csproj", "{10F724DD-8A9E-4B6A-889B-A898B37E3B56}"
EndProject
Project("{9A19103F-16F7-4668-BE54-9A1E7A4F7556}") = "Infrastructure", "Infrastructure.Infra\Infrastructure.csproj", "{BACEDCA8-5EE6-437A-AB72-51DA10AC4FF0}"
EndProject
Project("{9A19103F-16F7-4668-BE54-9A1E7A4F7556}") = "Domain", "Domain\Domain.csproj", "{EC248095-F94A-4CCE-8962-5CEBC99FB75D}"
EndProject
Project("{9A19103F-16F7-4668-BE54-9A1E7A4F7556}") = "Tests", "Tests\Tests.csproj", "{9A31FD9D-0377-49BD-BC59-F9681F8798F1}"
EndProject
Project("{9A19103F-16F7-4668-BE54-9A1E7A4F7556}") = "Service", "Service\Service.csproj", "{C6A8F35F-1321-4D0A-A95F-30FCC922CD63}"
EndProject
Project("{9A19103F-16F7-4668-BE54-9A1E7A4F7556}") = "Tests.Integration", "Tests.Integration\Tests.Integration.csproj", "{9E52B04C-D25F-49EA-A349-6F52BE5B08DD}"
EndProject
Project("{9A19103F-16F7-4668-BE54-9A1E7A4F7556}") = "ConsumerNotificacao", "ConsumerNotificacao\ConsumerNotificacao.csproj", "{363D7E44-116C-48E5-8E0C-E04163943E7A}"
EndProject
Project("{FAE04EC0-301F-11D3-BF4B-00C04F79EFBC}") = "APIAutenticacao", "APIAutenticacao\APIAutenticacao.csproj", "{0FEFD05A-4FBB-46D6-B081-D018D9BE8EAA}"
EndProject
Global
	GlobalSection(SolutionConfigurationPlatforms) = preSolution
		Debug|Any CPU = Debug|Any CPU
		Release|Any CPU = Release|Any CPU
	EndGlobalSection
	GlobalSection(ProjectConfigurationPlatforms) = postSolution
		{10F724DD-8A9E-4B6A-889B-A898B37E3B56}.Debug|Any CPU.ActiveCfg = Debug|Any CPU
		{10F724DD-8A9E-4B6A-889B-A898B37E3B56}.Debug|Any CPU.Build.0 = Debug|Any CPU
		{10F724DD-8A9E-4B6A-889B-A898B37E3B56}.Release|Any CPU.ActiveCfg = Release|Any CPU
		{10F724DD-8A9E-4B6A-889B-A898B37E3B56}.Release|Any CPU.Build.0 = Release|Any CPU
		{BACEDCA8-5EE6-437A-AB72-51DA10AC4FF0}.Debug|Any CPU.ActiveCfg = Debug|Any CPU
		{BACEDCA8-5EE6-437A-AB72-51DA10AC4FF0}.Debug|Any CPU.Build.0 = Debug|Any CPU
		{BACEDCA8-5EE6-437A-AB72-51DA10AC4FF0}.Release|Any CPU.ActiveCfg = Release|Any CPU
		{BACEDCA8-5EE6-437A-AB72-51DA10AC4FF0}.Release|Any CPU.Build.0 = Release|Any CPU
		{EC248095-F94A-4CCE-8962-5CEBC99FB75D}.Debug|Any CPU.ActiveCfg = Debug|Any CPU
		{EC248095-F94A-4CCE-8962-5CEBC99FB75D}.Debug|Any CPU.Build.0 = Debug|Any CPU
		{EC248095-F94A-4CCE-8962-5CEBC99FB75D}.Release|Any CPU.ActiveCfg = Release|Any CPU
		{EC248095-F94A-4CCE-8962-5CEBC99FB75D}.Release|Any CPU.Build.0 = Release|Any CPU
		{9A31FD9D-0377-49BD-BC59-F9681F8798F1}.Debug|Any CPU.ActiveCfg = Debug|Any CPU
		{9A31FD9D-0377-49BD-BC59-F9681F8798F1}.Debug|Any CPU.Build.0 = Debug|Any CPU
		{9A31FD9D-0377-49BD-BC59-F9681F8798F1}.Release|Any CPU.ActiveCfg = Release|Any CPU
		{9A31FD9D-0377-49BD-BC59-F9681F8798F1}.Release|Any CPU.Build.0 = Release|Any CPU
		{C6A8F35F-1321-4D0A-A95F-30FCC922CD63}.Debug|Any CPU.ActiveCfg = Debug|Any CPU
		{C6A8F35F-1321-4D0A-A95F-30FCC922CD63}.Debug|Any CPU.Build.0 = Debug|Any CPU
		{C6A8F35F-1321-4D0A-A95F-30FCC922CD63}.Release|Any CPU.ActiveCfg = Release|Any CPU
		{C6A8F35F-1321-4D0A-A95F-30FCC922CD63}.Release|Any CPU.Build.0 = Release|Any CPU
		{9E52B04C-D25F-49EA-A349-6F52BE5B08DD}.Debug|Any CPU.ActiveCfg = Debug|Any CPU
		{9E52B04C-D25F-49EA-A349-6F52BE5B08DD}.Debug|Any CPU.Build.0 = Debug|Any CPU
		{9E52B04C-D25F-49EA-A349-6F52BE5B08DD}.Release|Any CPU.ActiveCfg = Release|Any CPU
		{9E52B04C-D25F-49EA-A349-6F52BE5B08DD}.Release|Any CPU.Build.0 = Release|Any CPU
		{363D7E44-116C-48E5-8E0C-E04163943E7A}.Debug|Any CPU.ActiveCfg = Debug|Any CPU
		{363D7E44-116C-48E5-8E0C-E04163943E7A}.Debug|Any CPU.Build.0 = Debug|Any CPU
		{363D7E44-116C-48E5-8E0C-E04163943E7A}.Release|Any CPU.ActiveCfg = Release|Any CPU
		{363D7E44-116C-48E5-8E0C-E04163943E7A}.Release|Any CPU.Build.0 = Release|Any CPU
		{0FEFD05A-4FBB-46D6-B081-D018D9BE8EAA}.Debug|Any CPU.ActiveCfg = Debug|Any CPU
		{0FEFD05A-4FBB-46D6-B081-D018D9BE8EAA}.Debug|Any CPU.Build.0 = Debug|Any CPU
		{0FEFD05A-4FBB-46D6-B081-D018D9BE8EAA}.Release|Any CPU.ActiveCfg = Release|Any CPU
		{0FEFD05A-4FBB-46D6-B081-D018D9BE8EAA}.Release|Any CPU.Build.0 = Release|Any CPU
	EndGlobalSection
	GlobalSection(SolutionProperties) = preSolution
		HideSolutionNode = FALSE
	EndGlobalSection
	GlobalSection(ExtensibilityGlobals) = postSolution
		SolutionGuid = {BD37C118-FB81-4987-BD7E-FD96207D3DE0}
	EndGlobalSection
EndGlobal
